
Microsoft Visual Studio Solution File, Format Version 12.00
# Visual Studio 15
VisualStudioVersion = 15.0.28010.2050
MinimumVisualStudioVersion = 10.0.40219.1
Project("{FAE04EC0-301F-11D3-BF4B-00C04F79EFBC}") = "Pizza", "Pizza\Pizza.csproj", "{F121D7AE-ADC4-4872-BB86-71DD40383AAA}"
EndProject
Global
	GlobalSection(SolutionConfigurationPlatforms) = preSolution
		Debug|Any CPU = Debug|Any CPU
		Release|Any CPU = Release|Any CPU
	EndGlobalSection
	GlobalSection(ProjectConfigurationPlatforms) = postSolution
		{F121D7AE-ADC4-4872-BB86-71DD40383AAA}.Debug|Any CPU.ActiveCfg = Debug|Any CPU
		{F121D7AE-ADC4-4872-BB86-71DD40383AAA}.Debug|Any CPU.Build.0 = Debug|Any CPU
		{F121D7AE-ADC4-4872-BB86-71DD40383AAA}.Release|Any CPU.ActiveCfg = Release|Any CPU
		{F121D7AE-ADC4-4872-BB86-71DD40383AAA}.Release|Any CPU.Build.0 = Release|Any CPU
	EndGlobalSection
	GlobalSection(SolutionProperties) = preSolution
		HideSolutionNode = FALSE
	EndGlobalSection
	GlobalSection(ExtensibilityGlobals) = postSolution
		SolutionGuid = {77F279F3-D157-4B4A-A826-E3A4E42702F7}
	EndGlobalSection
EndGlobal
